
Microsoft Visual Studio Solution File, Format Version 12.00
Project("{FAE04EC0-301F-11D3-BF4B-00C04F79EFBC}") = "NetMesnG.Api", "NetMesnG.Api\NetMesnG.Api.csproj", "{2ED82625-575B-458D-AFA7-82D2ECB472F3}"
EndProject
Project("{FAE04EC0-301F-11D3-BF4B-00C04F79EFBC}") = "NetMesnG.Api.Tests", "NetMesnG.Api.Tests\NetMesnG.Api.Tests.csproj", "{711545DC-4957-4D94-8E61-790ADBB24048}"
EndProject
Project("{FAE04EC0-301F-11D3-BF4B-00C04F79EFBC}") = "NetMesnG.Integration.Tests", "NetMesnG.Integration.Tests\NetMesnG.Integration.Tests.csproj", "{D23FA84B-1EFA-45B3-AF88-F7D8F4F96F8E}"
EndProject
Global
	GlobalSection(SolutionConfigurationPlatforms) = preSolution
		Debug|Any CPU = Debug|Any CPU
		Release|Any CPU = Release|Any CPU
	EndGlobalSection
	GlobalSection(ProjectConfigurationPlatforms) = postSolution
		{2ED82625-575B-458D-AFA7-82D2ECB472F3}.Debug|Any CPU.ActiveCfg = Debug|Any CPU
		{2ED82625-575B-458D-AFA7-82D2ECB472F3}.Debug|Any CPU.Build.0 = Debug|Any CPU
		{2ED82625-575B-458D-AFA7-82D2ECB472F3}.Release|Any CPU.ActiveCfg = Release|Any CPU
		{2ED82625-575B-458D-AFA7-82D2ECB472F3}.Release|Any CPU.Build.0 = Release|Any CPU
		{711545DC-4957-4D94-8E61-790ADBB24048}.Debug|Any CPU.ActiveCfg = Debug|Any CPU
		{711545DC-4957-4D94-8E61-790ADBB24048}.Debug|Any CPU.Build.0 = Debug|Any CPU
		{711545DC-4957-4D94-8E61-790ADBB24048}.Release|Any CPU.ActiveCfg = Release|Any CPU
		{711545DC-4957-4D94-8E61-790ADBB24048}.Release|Any CPU.Build.0 = Release|Any CPU
		{D23FA84B-1EFA-45B3-AF88-F7D8F4F96F8E}.Debug|Any CPU.ActiveCfg = Debug|Any CPU
		{D23FA84B-1EFA-45B3-AF88-F7D8F4F96F8E}.Debug|Any CPU.Build.0 = Debug|Any CPU
		{D23FA84B-1EFA-45B3-AF88-F7D8F4F96F8E}.Release|Any CPU.ActiveCfg = Release|Any CPU
		{D23FA84B-1EFA-45B3-AF88-F7D8F4F96F8E}.Release|Any CPU.Build.0 = Release|Any CPU
	EndGlobalSection
EndGlobal
